
Microsoft Visual Studio Solution File, Format Version 12.00
# Visual Studio 2015
Project("{FAE04EC0-301F-11D3-BF4B-00C04F79EFBC}") = "MotionScript.Demo.CSharp", "MotionScript.Demo.CSharp.csproj", "{41622779-D5E9-F1B4-07CB-6FB274F1443D}"
EndProject
Global
	GlobalSection(SolutionConfigurationPlatforms) = preSolution
		Debug|Any CPU = Debug|Any CPU
		Release|Any CPU = Release|Any CPU
	EndGlobalSection
	GlobalSection(ProjectConfigurationPlatforms) = postSolution
		{41622779-D5E9-F1B4-07CB-6FB274F1443D}.Debug|Any CPU.ActiveCfg = Debug|Any CPU
		{41622779-D5E9-F1B4-07CB-6FB274F1443D}.Debug|Any CPU.Build.0 = Debug|Any CPU
		{41622779-D5E9-F1B4-07CB-6FB274F1443D}.Release|Any CPU.ActiveCfg = Release|Any CPU
		{41622779-D5E9-F1B4-07CB-6FB274F1443D}.Release|Any CPU.Build.0 = Release|Any CPU
	EndGlobalSection
	GlobalSection(SolutionProperties) = preSolution
		HideSolutionNode = FALSE
	EndGlobalSection
EndGlobal
